// !$*UTF8*$!
{
	archiveVersion = 1;
	classes = {
	};
	objectVersion = 55;
	objects = {

/* Begin PBXBuildFile section */
		7B81FC082836B9CB008220A1 /* AppDelegate.swift in Sources */ = {isa = PBXBuildFile; fileRef = 7B81FC072836B9CB008220A1 /* AppDelegate.swift */; };
		7B81FC0A2836B9CB008220A1 /* SceneDelegate.swift in Sources */ = {isa = PBXBuildFile; fileRef = 7B81FC092836B9CB008220A1 /* SceneDelegate.swift */; };
		7B81FC0C2836B9CB008220A1 /* ViewController.swift in Sources */ = {isa = PBXBuildFile; fileRef = 7B81FC0B2836B9CB008220A1 /* ViewController.swift */; };
		7B81FC0F2836B9CB008220A1 /* Main.storyboard in Resources */ = {isa = PBXBuildFile; fileRef = 7B81FC0D2836B9CB008220A1 /* Main.storyboard */; };
		7B81FC112836B9CD008220A1 /* Assets.xcassets in Resources */ = {isa = PBXBuildFile; fileRef = 7B81FC102836B9CD008220A1 /* Assets.xcassets */; };
		7B81FC142836B9CD008220A1 /* LaunchScreen.storyboard in Resources */ = {isa = PBXBuildFile; fileRef = 7B81FC122836B9CD008220A1 /* LaunchScreen.storyboard */; };
		7B81FC1F2836B9CD008220A1 /* WhatsAppClone_iOSTests.swift in Sources */ = {isa = PBXBuildFile; fileRef = 7B81FC1E2836B9CD008220A1 /* WhatsAppClone_iOSTests.swift */; };
		7B81FC292836B9CD008220A1 /* WhatsAppClone_iOSUITests.swift in Sources */ = {isa = PBXBuildFile; fileRef = 7B81FC282836B9CD008220A1 /* WhatsAppClone_iOSUITests.swift */; };
		7B81FC2B2836B9CD008220A1 /* WhatsAppClone_iOSUITestsLaunchTests.swift in Sources */ = {isa = PBXBuildFile; fileRef = 7B81FC2A2836B9CD008220A1 /* WhatsAppClone_iOSUITestsLaunchTests.swift */; };
/* End PBXBuildFile section */

/* Begin PBXContainerItemProxy section */
		7B81FC1B2836B9CD008220A1 /* PBXContainerItemProxy */ = {
			isa = PBXContainerItemProxy;
			containerPortal = 7B81FBFC2836B9CB008220A1 /* Project object */;
			proxyType = 1;
			remoteGlobalIDString = 7B81FC032836B9CB008220A1;
			remoteInfo = "WhatsAppClone-iOS";
		};
		7B81FC252836B9CD008220A1 /* PBXContainerItemProxy */ = {
			isa = PBXContainerItemProxy;
			containerPortal = 7B81FBFC2836B9CB008220A1 /* Project object */;
			proxyType = 1;
			remoteGlobalIDString = 7B81FC032836B9CB008220A1;
			remoteInfo = "WhatsAppClone-iOS";
		};
/* End PBXContainerItemProxy section */

/* Begin PBXFileReference section */
		7B81FC042836B9CB008220A1 /* WhatsAppClone-iOS.app */ = {isa = PBXFileReference; explicitFileType = wrapper.application; includeInIndex = 0; path = "WhatsAppClone-iOS.app"; sourceTree = BUILT_PRODUCTS_DIR; };
		7B81FC072836B9CB008220A1 /* AppDelegate.swift */ = {isa = PBXFileReference; lastKnownFileType = sourcecode.swift; path = AppDelegate.swift; sourceTree = "<group>"; };
		7B81FC092836B9CB008220A1 /* SceneDelegate.swift */ = {isa = PBXFileReference; lastKnownFileType = sourcecode.swift; path = SceneDelegate.swift; sourceTree = "<group>"; };
		7B81FC0B2836B9CB008220A1 /* ViewController.swift */ = {isa = PBXFileReference; lastKnownFileType = sourcecode.swift; path = ViewController.swift; sourceTree = "<group>"; };
		7B81FC0E2836B9CB008220A1 /* Base */ = {isa = PBXFileReference; lastKnownFileType = file.storyboard; name = Base; path = Base.lproj/Main.storyboard; sourceTree = "<group>"; };
		7B81FC102836B9CD008220A1 /* Assets.xcassets */ = {isa = PBXFileReference; lastKnownFileType = folder.assetcatalog; path = Assets.xcassets; sourceTree = "<group>"; };
		7B81FC132836B9CD008220A1 /* Base */ = {isa = PBXFileReference; lastKnownFileType = file.storyboard; name = Base; path = Base.lproj/LaunchScreen.storyboard; sourceTree = "<group>"; };
		7B81FC152836B9CD008220A1 /* Info.plist */ = {isa = PBXFileReference; lastKnownFileType = text.plist.xml; path = Info.plist; sourceTree = "<group>"; };
		7B81FC1A2836B9CD008220A1 /* WhatsAppClone-iOSTests.xctest */ = {isa = PBXFileReference; explicitFileType = wrapper.cfbundle; includeInIndex = 0; path = "WhatsAppClone-iOSTests.xctest"; sourceTree = BUILT_PRODUCTS_DIR; };
		7B81FC1E2836B9CD008220A1 /* WhatsAppClone_iOSTests.swift */ = {isa = PBXFileReference; lastKnownFileType = sourcecode.swift; path = WhatsAppClone_iOSTests.swift; sourceTree = "<group>"; };
		7B81FC242836B9CD008220A1 /* WhatsAppClone-iOSUITests.xctest */ = {isa = PBXFileReference; explicitFileType = wrapper.cfbundle; includeInIndex = 0; path = "WhatsAppClone-iOSUITests.xctest"; sourceTree = BUILT_PRODUCTS_DIR; };
		7B81FC282836B9CD008220A1 /* WhatsAppClone_iOSUITests.swift */ = {isa = PBXFileReference; lastKnownFileType = sourcecode.swift; path = WhatsAppClone_iOSUITests.swift; sourceTree = "<group>"; };
		7B81FC2A2836B9CD008220A1 /* WhatsAppClone_iOSUITestsLaunchTests.swift */ = {isa = PBXFileReference; lastKnownFileType = sourcecode.swift; path = WhatsAppClone_iOSUITestsLaunchTests.swift; sourceTree = "<group>"; };
/* End PBXFileReference section */

/* Begin PBXFrameworksBuildPhase section */
		7B81FC012836B9CB008220A1 /* Frameworks */ = {
			isa = PBXFrameworksBuildPhase;
			buildActionMask = 2147483647;
			files = (
			);
			runOnlyForDeploymentPostprocessing = 0;
		};
		7B81FC172836B9CD008220A1 /* Frameworks */ = {
			isa = PBXFrameworksBuildPhase;
			buildActionMask = 2147483647;
			files = (
			);
			runOnlyForDeploymentPostprocessing = 0;
		};
		7B81FC212836B9CD008220A1 /* Frameworks */ = {
			isa = PBXFrameworksBuildPhase;
			buildActionMask = 2147483647;
			files = (
			);
			runOnlyForDeploymentPostprocessing = 0;
		};
/* End PBXFrameworksBuildPhase section */

/* Begin PBXGroup section */
		7B81FBFB2836B9CB008220A1 = {
			isa = PBXGroup;
			children = (
				7B81FC062836B9CB008220A1 /* WhatsAppClone-iOS */,
				7B81FC1D2836B9CD008220A1 /* WhatsAppClone-iOSTests */,
				7B81FC272836B9CD008220A1 /* WhatsAppClone-iOSUITests */,
				7B81FC052836B9CB008220A1 /* Products */,
			);
			sourceTree = "<group>";
		};
		7B81FC052836B9CB008220A1 /* Products */ = {
			isa = PBXGroup;
			children = (
				7B81FC042836B9CB008220A1 /* WhatsAppClone-iOS.app */,
				7B81FC1A2836B9CD008220A1 /* WhatsAppClone-iOSTests.xctest */,
				7B81FC242836B9CD008220A1 /* WhatsAppClone-iOSUITests.xctest */,
			);
			name = Products;
			sourceTree = "<group>";
		};
		7B81FC062836B9CB008220A1 /* WhatsAppClone-iOS */ = {
			isa = PBXGroup;
			children = (
				7B81FC072836B9CB008220A1 /* AppDelegate.swift */,
				7B81FC092836B9CB008220A1 /* SceneDelegate.swift */,
				7B81FC0B2836B9CB008220A1 /* ViewController.swift */,
				7B81FC0D2836B9CB008220A1 /* Main.storyboard */,
				7B81FC102836B9CD008220A1 /* Assets.xcassets */,
				7B81FC122836B9CD008220A1 /* LaunchScreen.storyboard */,
				7B81FC152836B9CD008220A1 /* Info.plist */,
			);
			path = "WhatsAppClone-iOS";
			sourceTree = "<group>";
		};
		7B81FC1D2836B9CD008220A1 /* WhatsAppClone-iOSTests */ = {
			isa = PBXGroup;
			children = (
				7B81FC1E2836B9CD008220A1 /* WhatsAppClone_iOSTests.swift */,
			);
			path = "WhatsAppClone-iOSTests";
			sourceTree = "<group>";
		};
		7B81FC272836B9CD008220A1 /* WhatsAppClone-iOSUITests */ = {
			isa = PBXGroup;
			children = (
				7B81FC282836B9CD008220A1 /* WhatsAppClone_iOSUITests.swift */,
				7B81FC2A2836B9CD008220A1 /* WhatsAppClone_iOSUITestsLaunchTests.swift */,
			);
			path = "WhatsAppClone-iOSUITests";
			sourceTree = "<group>";
		};
/* End PBXGroup section */

/* Begin PBXNativeTarget section */
		7B81FC032836B9CB008220A1 /* WhatsAppClone-iOS */ = {
			isa = PBXNativeTarget;
			buildConfigurationList = 7B81FC2E2836B9CD008220A1 /* Build configuration list for PBXNativeTarget "WhatsAppClone-iOS" */;
			buildPhases = (
				7B81FC002836B9CB008220A1 /* Sources */,
				7B81FC012836B9CB008220A1 /* Frameworks */,
				7B81FC022836B9CB008220A1 /* Resources */,
			);
			buildRules = (
			);
			dependencies = (
			);
			name = "WhatsAppClone-iOS";
			productName = "WhatsAppClone-iOS";
			productReference = 7B81FC042836B9CB008220A1 /* WhatsAppClone-iOS.app */;
			productType = "com.apple.product-type.application";
		};
		7B81FC192836B9CD008220A1 /* WhatsAppClone-iOSTests */ = {
			isa = PBXNativeTarget;
			buildConfigurationList = 7B81FC312836B9CD008220A1 /* Build configuration list for PBXNativeTarget "WhatsAppClone-iOSTests" */;
			buildPhases = (
				7B81FC162836B9CD008220A1 /* Sources */,
				7B81FC172836B9CD008220A1 /* Frameworks */,
				7B81FC182836B9CD008220A1 /* Resources */,
			);
			buildRules = (
			);
			dependencies = (
				7B81FC1C2836B9CD008220A1 /* PBXTargetDependency */,
			);
			name = "WhatsAppClone-iOSTests";
			productName = "WhatsAppClone-iOSTests";
			productReference = 7B81FC1A2836B9CD008220A1 /* WhatsAppClone-iOSTests.xctest */;
			productType = "com.apple.product-type.bundle.unit-test";
		};
		7B81FC232836B9CD008220A1 /* WhatsAppClone-iOSUITests */ = {
			isa = PBXNativeTarget;
			buildConfigurationList = 7B81FC342836B9CD008220A1 /* Build configuration list for PBXNativeTarget "WhatsAppClone-iOSUITests" */;
			buildPhases = (
				7B81FC202836B9CD008220A1 /* Sources */,
				7B81FC212836B9CD008220A1 /* Frameworks */,
				7B81FC222836B9CD008220A1 /* Resources */,
			);
			buildRules = (
			);
			dependencies = (
				7B81FC262836B9CD008220A1 /* PBXTargetDependency */,
			);
			name = "WhatsAppClone-iOSUITests";
			productName = "WhatsAppClone-iOSUITests";
			productReference = 7B81FC242836B9CD008220A1 /* WhatsAppClone-iOSUITests.xctest */;
			productType = "com.apple.product-type.bundle.ui-testing";
		};
/* End PBXNativeTarget section */

/* Begin PBXProject section */
		7B81FBFC2836B9CB008220A1 /* Project object */ = {
			isa = PBXProject;
			attributes = {
				BuildIndependentTargetsInParallel = 1;
				LastSwiftUpdateCheck = 1330;
				LastUpgradeCheck = 1330;
				TargetAttributes = {
					7B81FC032836B9CB008220A1 = {
						CreatedOnToolsVersion = 13.3;
					};
					7B81FC192836B9CD008220A1 = {
						CreatedOnToolsVersion = 13.3;
						TestTargetID = 7B81FC032836B9CB008220A1;
					};
					7B81FC232836B9CD008220A1 = {
						CreatedOnToolsVersion = 13.3;
						TestTargetID = 7B81FC032836B9CB008220A1;
					};
				};
			};
			buildConfigurationList = 7B81FBFF2836B9CB008220A1 /* Build configuration list for PBXProject "WhatsAppClone-iOS" */;
			compatibilityVersion = "Xcode 13.0";
			developmentRegion = en;
			hasScannedForEncodings = 0;
			knownRegions = (
				en,
				Base,
			);
			mainGroup = 7B81FBFB2836B9CB008220A1;
			productRefGroup = 7B81FC052836B9CB008220A1 /* Products */;
			projectDirPath = "";
			projectRoot = "";
			targets = (
				7B81FC032836B9CB008220A1 /* WhatsAppClone-iOS */,
				7B81FC192836B9CD008220A1 /* WhatsAppClone-iOSTests */,
				7B81FC232836B9CD008220A1 /* WhatsAppClone-iOSUITests */,
			);
		};
/* End PBXProject section */

/* Begin PBXResourcesBuildPhase section */
		7B81FC022836B9CB008220A1 /* Resources */ = {
			isa = PBXResourcesBuildPhase;
			buildActionMask = 2147483647;
			files = (
				7B81FC142836B9CD008220A1 /* LaunchScreen.storyboard in Resources */,
				7B81FC112836B9CD008220A1 /* Assets.xcassets in Resources */,
				7B81FC0F2836B9CB008220A1 /* Main.storyboard in Resources */,
			);
			runOnlyForDeploymentPostprocessing = 0;
		};
		7B81FC182836B9CD008220A1 /* Resources */ = {
			isa = PBXResourcesBuildPhase;
			buildActionMask = 2147483647;
			files = (
			);
			runOnlyForDeploymentPostprocessing = 0;
		};
		7B81FC222836B9CD008220A1 /* Resources */ = {
			isa = PBXResourcesBuildPhase;
			buildActionMask = 2147483647;
			files = (
			);
			runOnlyForDeploymentPostprocessing = 0;
		};
/* End PBXResourcesBuildPhase section */

/* Begin PBXSourcesBuildPhase section */
		7B81FC002836B9CB008220A1 /* Sources */ = {
			isa = PBXSourcesBuildPhase;
			buildActionMask = 2147483647;
			files = (
				7B81FC0C2836B9CB008220A1 /* ViewController.swift in Sources */,
				7B81FC082836B9CB008220A1 /* AppDelegate.swift in Sources */,
				7B81FC0A2836B9CB008220A1 /* SceneDelegate.swift in Sources */,
			);
			runOnlyForDeploymentPostprocessing = 0;
		};
		7B81FC162836B9CD008220A1 /* Sources */ = {
			isa = PBXSourcesBuildPhase;
			buildActionMask = 2147483647;
			files = (
				7B81FC1F2836B9CD008220A1 /* WhatsAppClone_iOSTests.swift in Sources */,
			);
			runOnlyForDeploymentPostprocessing = 0;
		};
		7B81FC202836B9CD008220A1 /* Sources */ = {
			isa = PBXSourcesBuildPhase;
			buildActionMask = 2147483647;
			files = (
				7B81FC2B2836B9CD008220A1 /* WhatsAppClone_iOSUITestsLaunchTests.swift in Sources */,
				7B81FC292836B9CD008220A1 /* WhatsAppClone_iOSUITests.swift in Sources */,
			);
			runOnlyForDeploymentPostprocessing = 0;
		};
/* End PBXSourcesBuildPhase section */

/* Begin PBXTargetDependency section */
		7B81FC1C2836B9CD008220A1 /* PBXTargetDependency */ = {
			isa = PBXTargetDependency;
			target = 7B81FC032836B9CB008220A1 /* WhatsAppClone-iOS */;
			targetProxy = 7B81FC1B2836B9CD008220A1 /* PBXContainerItemProxy */;
		};
		7B81FC262836B9CD008220A1 /* PBXTargetDependency */ = {
			isa = PBXTargetDependency;
			target = 7B81FC032836B9CB008220A1 /* WhatsAppClone-iOS */;
			targetProxy = 7B81FC252836B9CD008220A1 /* PBXContainerItemProxy */;
		};
/* End PBXTargetDependency section */

/* Begin PBXVariantGroup section */
		7B81FC0D2836B9CB008220A1 /* Main.storyboard */ = {
			isa = PBXVariantGroup;
			children = (
				7B81FC0E2836B9CB008220A1 /* Base */,
			);
			name = Main.storyboard;
			sourceTree = "<group>";
		};
		7B81FC122836B9CD008220A1 /* LaunchScreen.storyboard */ = {
			isa = PBXVariantGroup;
			children = (
				7B81FC132836B9CD008220A1 /* Base */,
			);
			name = LaunchScreen.storyboard;
			sourceTree = "<group>";
		};
/* End PBXVariantGroup section */

/* Begin XCBuildConfiguration section */
		7B81FC2C2836B9CD008220A1 /* Debug */ = {
			isa = XCBuildConfiguration;
			buildSettings = {
				ALWAYS_SEARCH_USER_PATHS = NO;
				CLANG_ANALYZER_NONNULL = YES;
				CLANG_ANALYZER_NUMBER_OBJECT_CONVERSION = YES_AGGRESSIVE;
				CLANG_CXX_LANGUAGE_STANDARD = "gnu++17";
				CLANG_ENABLE_MODULES = YES;
				CLANG_ENABLE_OBJC_ARC = YES;
				CLANG_ENABLE_OBJC_WEAK = YES;
				CLANG_WARN_BLOCK_CAPTURE_AUTORELEASING = YES;
				CLANG_WARN_BOOL_CONVERSION = YES;
				CLANG_WARN_COMMA = YES;
				CLANG_WARN_CONSTANT_CONVERSION = YES;
				CLANG_WARN_DEPRECATED_OBJC_IMPLEMENTATIONS = YES;
				CLANG_WARN_DIRECT_OBJC_ISA_USAGE = YES_ERROR;
				CLANG_WARN_DOCUMENTATION_COMMENTS = YES;
				CLANG_WARN_EMPTY_BODY = YES;
				CLANG_WARN_ENUM_CONVERSION = YES;
				CLANG_WARN_INFINITE_RECURSION = YES;
				CLANG_WARN_INT_CONVERSION = YES;
				CLANG_WARN_NON_LITERAL_NULL_CONVERSION = YES;
				CLANG_WARN_OBJC_IMPLICIT_RETAIN_SELF = YES;
				CLANG_WARN_OBJC_LITERAL_CONVERSION = YES;
				CLANG_WARN_OBJC_ROOT_CLASS = YES_ERROR;
				CLANG_WARN_QUOTED_INCLUDE_IN_FRAMEWORK_HEADER = YES;
				CLANG_WARN_RANGE_LOOP_ANALYSIS = YES;
				CLANG_WARN_STRICT_PROTOTYPES = YES;
				CLANG_WARN_SUSPICIOUS_MOVE = YES;
				CLANG_WARN_UNGUARDED_AVAILABILITY = YES_AGGRESSIVE;
				CLANG_WARN_UNREACHABLE_CODE = YES;
				CLANG_WARN__DUPLICATE_METHOD_MATCH = YES;
				COPY_PHASE_STRIP = NO;
				DEBUG_INFORMATION_FORMAT = dwarf;
				ENABLE_STRICT_OBJC_MSGSEND = YES;
				ENABLE_TESTABILITY = YES;
				GCC_C_LANGUAGE_STANDARD = gnu11;
				GCC_DYNAMIC_NO_PIC = NO;
				GCC_NO_COMMON_BLOCKS = YES;
				GCC_OPTIMIZATION_LEVEL = 0;
				GCC_PREPROCESSOR_DEFINITIONS = (
					"DEBUG=1",
					"$(inherited)",
				);
				GCC_WARN_64_TO_32_BIT_CONVERSION = YES;
				GCC_WARN_ABOUT_RETURN_TYPE = YES_ERROR;
				GCC_WARN_UNDECLARED_SELECTOR = YES;
				GCC_WARN_UNINITIALIZED_AUTOS = YES_AGGRESSIVE;
				GCC_WARN_UNUSED_FUNCTION = YES;
				GCC_WARN_UNUSED_VARIABLE = YES;
				IPHONEOS_DEPLOYMENT_TARGET = 15.4;
				MTL_ENABLE_DEBUG_INFO = INCLUDE_SOURCE;
				MTL_FAST_MATH = YES;
				ONLY_ACTIVE_ARCH = YES;
				SDKROOT = iphoneos;
				SWIFT_ACTIVE_COMPILATION_CONDITIONS = DEBUG;
				SWIFT_OPTIMIZATION_LEVEL = "-Onone";
			};
			name = Debug;
		};
		7B81FC2D2836B9CD008220A1 /* Release */ = {
			isa = XCBuildConfiguration;
			buildSettings = {
				ALWAYS_SEARCH_USER_PATHS = NO;
				CLANG_ANALYZER_NONNULL = YES;
				CLANG_ANALYZER_NUMBER_OBJECT_CONVERSION = YES_AGGRESSIVE;
				CLANG_CXX_LANGUAGE_STANDARD = "gnu++17";
				CLANG_ENABLE_MODULES = YES;
				CLANG_ENABLE_OBJC_ARC = YES;
				CLANG_ENABLE_OBJC_WEAK = YES;
				CLANG_WARN_BLOCK_CAPTURE_AUTORELEASING = YES;
				CLANG_WARN_BOOL_CONVERSION = YES;
				CLANG_WARN_COMMA = YES;
				CLANG_WARN_CONSTANT_CONVERSION = YES;
				CLANG_WARN_DEPRECATED_OBJC_IMPLEMENTATIONS = YES;
				CLANG_WARN_DIRECT_OBJC_ISA_USAGE = YES_ERROR;
				CLANG_WARN_DOCUMENTATION_COMMENTS = YES;
				CLANG_WARN_EMPTY_BODY = YES;
				CLANG_WARN_ENUM_CONVERSION = YES;
				CLANG_WARN_INFINITE_RECURSION = YES;
				CLANG_WARN_INT_CONVERSION = YES;
				CLANG_WARN_NON_LITERAL_NULL_CONVERSION = YES;
				CLANG_WARN_OBJC_IMPLICIT_RETAIN_SELF = YES;
				CLANG_WARN_OBJC_LITERAL_CONVERSION = YES;
				CLANG_WARN_OBJC_ROOT_CLASS = YES_ERROR;
				CLANG_WARN_QUOTED_INCLUDE_IN_FRAMEWORK_HEADER = YES;
				CLANG_WARN_RANGE_LOOP_ANALYSIS = YES;
				CLANG_WARN_STRICT_PROTOTYPES = YES;
				CLANG_WARN_SUSPICIOUS_MOVE = YES;
				CLANG_WARN_UNGUARDED_AVAILABILITY = YES_AGGRESSIVE;
				CLANG_WARN_UNREACHABLE_CODE = YES;
				CLANG_WARN__DUPLICATE_METHOD_MATCH = YES;
				COPY_PHASE_STRIP = NO;
				DEBUG_INFORMATION_FORMAT = "dwarf-with-dsym";
				ENABLE_NS_ASSERTIONS = NO;
				ENABLE_STRICT_OBJC_MSGSEND = YES;
				GCC_C_LANGUAGE_STANDARD = gnu11;
				GCC_NO_COMMON_BLOCKS = YES;
				GCC_WARN_64_TO_32_BIT_CONVERSION = YES;
				GCC_WARN_ABOUT_RETURN_TYPE = YES_ERROR;
				GCC_WARN_UNDECLARED_SELECTOR = YES;
				GCC_WARN_UNINITIALIZED_AUTOS = YES_AGGRESSIVE;
				GCC_WARN_UNUSED_FUNCTION = YES;
				GCC_WARN_UNUSED_VARIABLE = YES;
				IPHONEOS_DEPLOYMENT_TARGET = 15.4;
				MTL_ENABLE_DEBUG_INFO = NO;
				MTL_FAST_MATH = YES;
				SDKROOT = iphoneos;
				SWIFT_COMPILATION_MODE = wholemodule;
				SWIFT_OPTIMIZATION_LEVEL = "-O";
				VALIDATE_PRODUCT = YES;
			};
			name = Release;
		};
		7B81FC2F2836B9CD008220A1 /* Debug */ = {
			isa = XCBuildConfiguration;
			buildSettings = {
				ASSETCATALOG_COMPILER_APPICON_NAME = AppIcon;
				ASSETCATALOG_COMPILER_GLOBAL_ACCENT_COLOR_NAME = AccentColor;
				CODE_SIGN_STYLE = Automatic;
				CURRENT_PROJECT_VERSION = 1;
				DEVELOPMENT_TEAM = 9VJNM48GB5;
				GENERATE_INFOPLIST_FILE = YES;
				INFOPLIST_FILE = "WhatsAppClone-iOS/Info.plist";
				INFOPLIST_KEY_UIApplicationSupportsIndirectInputEvents = YES;
				INFOPLIST_KEY_UILaunchStoryboardName = LaunchScreen;
				INFOPLIST_KEY_UIMainStoryboardFile = Main;
				INFOPLIST_KEY_UISupportedInterfaceOrientations_iPad = "UIInterfaceOrientationPortrait UIInterfaceOrientationPortraitUpsideDown UIInterfaceOrientationLandscapeLeft UIInterfaceOrientationLandscapeRight";
				INFOPLIST_KEY_UISupportedInterfaceOrientations_iPhone = "UIInterfaceOrientationPortrait UIInterfaceOrientationLandscapeLeft UIInterfaceOrientationLandscapeRight";
				LD_RUNPATH_SEARCH_PATHS = (
					"$(inherited)",
					"@executable_path/Frameworks",
				);
				MARKETING_VERSION = 1.0;
				PRODUCT_BUNDLE_IDENTIFIER = "rafaelBasso.WhatsAppClone-iOS";
				PRODUCT_NAME = "$(TARGET_NAME)";
				SWIFT_EMIT_LOC_STRINGS = YES;
				SWIFT_VERSION = 5.0;
				TARGETED_DEVICE_FAMILY = "1,2";
			};
			name = Debug;
		};
		7B81FC302836B9CD008220A1 /* Release */ = {
			isa = XCBuildConfiguration;
			buildSettings = {
				ASSETCATALOG_COMPILER_APPICON_NAME = AppIcon;
				ASSETCATALOG_COMPILER_GLOBAL_ACCENT_COLOR_NAME = AccentColor;
				CODE_SIGN_STYLE = Automatic;
				CURRENT_PROJECT_VERSION = 1;
				DEVELOPMENT_TEAM = 9VJNM48GB5;
				GENERATE_INFOPLIST_FILE = YES;
				INFOPLIST_FILE = "WhatsAppClone-iOS/Info.plist";
				INFOPLIST_KEY_UIApplicationSupportsIndirectInputEvents = YES;
				INFOPLIST_KEY_UILaunchStoryboardName = LaunchScreen;
				INFOPLIST_KEY_UIMainStoryboardFile = Main;
				INFOPLIST_KEY_UISupportedInterfaceOrientations_iPad = "UIInterfaceOrientationPortrait UIInterfaceOrientationPortraitUpsideDown UIInterfaceOrientationLandscapeLeft UIInterfaceOrientationLandscapeRight";
				INFOPLIST_KEY_UISupportedInterfaceOrientations_iPhone = "UIInterfaceOrientationPortrait UIInterfaceOrientationLandscapeLeft UIInterfaceOrientationLandscapeRight";
				LD_RUNPATH_SEARCH_PATHS = (
					"$(inherited)",
					"@executable_path/Frameworks",
				);
				MARKETING_VERSION = 1.0;
				PRODUCT_BUNDLE_IDENTIFIER = "rafaelBasso.WhatsAppClone-iOS";
				PRODUCT_NAME = "$(TARGET_NAME)";
				SWIFT_EMIT_LOC_STRINGS = YES;
				SWIFT_VERSION = 5.0;
				TARGETED_DEVICE_FAMILY = "1,2";
			};
			name = Release;
		};
		7B81FC322836B9CD008220A1 /* Debug */ = {
			isa = XCBuildConfiguration;
			buildSettings = {
				ALWAYS_EMBED_SWIFT_STANDARD_LIBRARIES = YES;
				BUNDLE_LOADER = "$(TEST_HOST)";
				CODE_SIGN_STYLE = Automatic;
				CURRENT_PROJECT_VERSION = 1;
				DEVELOPMENT_TEAM = 9VJNM48GB5;
				GENERATE_INFOPLIST_FILE = YES;
				IPHONEOS_DEPLOYMENT_TARGET = 15.4;
				MARKETING_VERSION = 1.0;
				PRODUCT_BUNDLE_IDENTIFIER = "rafaelBasso.WhatsAppClone-iOSTests";
				PRODUCT_NAME = "$(TARGET_NAME)";
				SWIFT_EMIT_LOC_STRINGS = NO;
				SWIFT_VERSION = 5.0;
				TARGETED_DEVICE_FAMILY = "1,2";
				TEST_HOST = "$(BUILT_PRODUCTS_DIR)/WhatsAppClone-iOS.app/WhatsAppClone-iOS";
			};
			name = Debug;
		};
		7B81FC332836B9CD008220A1 /* Release */ = {
			isa = XCBuildConfiguration;
			buildSettings = {
				ALWAYS_EMBED_SWIFT_STANDARD_LIBRARIES = YES;
				BUNDLE_LOADER = "$(TEST_HOST)";
				CODE_SIGN_STYLE = Automatic;
				CURRENT_PROJECT_VERSION = 1;
				DEVELOPMENT_TEAM = 9VJNM48GB5;
				GENERATE_INFOPLIST_FILE = YES;
				IPHONEOS_DEPLOYMENT_TARGET = 15.4;
				MARKETING_VERSION = 1.0;
				PRODUCT_BUNDLE_IDENTIFIER = "rafaelBasso.WhatsAppClone-iOSTests";
				PRODUCT_NAME = "$(TARGET_NAME)";
				SWIFT_EMIT_LOC_STRINGS = NO;
				SWIFT_VERSION = 5.0;
				TARGETED_DEVICE_FAMILY = "1,2";
				TEST_HOST = "$(BUILT_PRODUCTS_DIR)/WhatsAppClone-iOS.app/WhatsAppClone-iOS";
			};
			name = Release;
		};
		7B81FC352836B9CD008220A1 /* Debug */ = {
			isa = XCBuildConfiguration;
			buildSettings = {
				ALWAYS_EMBED_SWIFT_STANDARD_LIBRARIES = YES;
				CODE_SIGN_STYLE = Automatic;
				CURRENT_PROJECT_VERSION = 1;
				DEVELOPMENT_TEAM = 9VJNM48GB5;
				GENERATE_INFOPLIST_FILE = YES;
				MARKETING_VERSION = 1.0;
				PRODUCT_BUNDLE_IDENTIFIER = "rafaelBasso.WhatsAppClone-iOSUITests";
				PRODUCT_NAME = "$(TARGET_NAME)";
				SWIFT_EMIT_LOC_STRINGS = NO;
				SWIFT_VERSION = 5.0;
				TARGETED_DEVICE_FAMILY = "1,2";
				TEST_TARGET_NAME = "WhatsAppClone-iOS";
			};
			name = Debug;
		};
		7B81FC362836B9CD008220A1 /* Release */ = {
			isa = XCBuildConfiguration;
			buildSettings = {
				ALWAYS_EMBED_SWIFT_STANDARD_LIBRARIES = YES;
				CODE_SIGN_STYLE = Automatic;
				CURRENT_PROJECT_VERSION = 1;
				DEVELOPMENT_TEAM = 9VJNM48GB5;
				GENERATE_INFOPLIST_FILE = YES;
				MARKETING_VERSION = 1.0;
				PRODUCT_BUNDLE_IDENTIFIER = "rafaelBasso.WhatsAppClone-iOSUITests";
				PRODUCT_NAME = "$(TARGET_NAME)";
				SWIFT_EMIT_LOC_STRINGS = NO;
				SWIFT_VERSION = 5.0;
				TARGETED_DEVICE_FAMILY = "1,2";
				TEST_TARGET_NAME = "WhatsAppClone-iOS";
			};
			name = Release;
		};
/* End XCBuildConfiguration section */

/* Begin XCConfigurationList section */
		7B81FBFF2836B9CB008220A1 /* Build configuration list for PBXProject "WhatsAppClone-iOS" */ = {
			isa = XCConfigurationList;
			buildConfigurations = (
				7B81FC2C2836B9CD008220A1 /* Debug */,
				7B81FC2D2836B9CD008220A1 /* Release */,
			);
			defaultConfigurationIsVisible = 0;
			defaultConfigurationName = Release;
		};
		7B81FC2E2836B9CD008220A1 /* Build configuration list for PBXNativeTarget "WhatsAppClone-iOS" */ = {
			isa = XCConfigurationList;
			buildConfigurations = (
				7B81FC2F2836B9CD008220A1 /* Debug */,
				7B81FC302836B9CD008220A1 /* Release */,
			);
			defaultConfigurationIsVisible = 0;
			defaultConfigurationName = Release;
		};
		7B81FC312836B9CD008220A1 /* Build configuration list for PBXNativeTarget "WhatsAppClone-iOSTests" */ = {
			isa = XCConfigurationList;
			buildConfigurations = (
				7B81FC322836B9CD008220A1 /* Debug */,
				7B81FC332836B9CD008220A1 /* Release */,
			);
			defaultConfigurationIsVisible = 0;
			defaultConfigurationName = Release;
		};
		7B81FC342836B9CD008220A1 /* Build configuration list for PBXNativeTarget "WhatsAppClone-iOSUITests" */ = {
			isa = XCConfigurationList;
			buildConfigurations = (
				7B81FC352836B9CD008220A1 /* Debug */,
				7B81FC362836B9CD008220A1 /* Release */,
			);
			defaultConfigurationIsVisible = 0;
			defaultConfigurationName = Release;
		};
/* End XCConfigurationList section */
	};
	rootObject = 7B81FBFC2836B9CB008220A1 /* Project object */;
}
